# THIS IS AN AUTOGENERATED FILE. DO NOT EDIT THIS FILE DIRECTLY.
# yarn lockfile v1


"@manaflair/emmagic@https://github.com/manaflair/emmagic.git":
  version "0.1.1"
  resolved "https://github.com/manaflair/emmagic.git#0144983123e5d380fdf3efc1af672cfb3d4a1de7"

"@sbj42/maze-generator-backtrack@^0.1.5":
  version "0.1.5"
  resolved "https://registry.yarnpkg.com/@sbj42/maze-generator-backtrack/-/maze-generator-backtrack-0.1.5.tgz#33d446064a9fb51fcd8c84f2ff677434266ae610"
  integrity sha1-M9RGBkqftR/NjITy/2d0NCZq5hA=
  dependencies:
    "@sbj42/maze-generator-core" "^0.1.4"

"@sbj42/maze-generator-core@^0.1.4":
  version "0.1.4"
  resolved "https://registry.yarnpkg.com/@sbj42/maze-generator-core/-/maze-generator-core-0.1.4.tgz#11bf7781b81c2cc2f169961dcd5b8a649f2aca84"
  integrity sha1-Eb93gbgcLMLxaZYdzVuKZJ8qyoQ=

"@sbj42/maze-generator@^2.0.6":
  version "2.0.6"
  resolved "https://registry.yarnpkg.com/@sbj42/maze-generator/-/maze-generator-2.0.6.tgz#28613e823321ff85bb6485aa76ad8749754a351c"
  integrity sha1-KGE+gjMh/4W7ZIWqdq2HSXVKNRw=
  dependencies:
    "@sbj42/maze-generator-core" "^0.1.4"

seedrandom@^3.0.5:
  version "3.0.5"
  resolved "https://registry.yarnpkg.com/seedrandom/-/seedrandom-3.0.5.tgz#54edc85c95222525b0c7a6f6b3543d8e0b3aa0a7"
  integrity sha512-8OwmbklUNzwezjGInmZ+2clQmExQPvomqjL7LFqOYqtmuxRgQYqOD3mHaU+MvZn5FLUeVxVfQjwLZW/n/JFuqg==
